
Microsoft Visual Studio Solution File, Format Version 12.00
# Visual Studio Version 17
VisualStudioVersion = 17.3.32825.248
MinimumVisualStudioVersion = 10.0.40219.1
Project("{FAE04EC0-301F-11D3-BF4B-00C04F79EFBC}") = "HesapMakinası", "HesapMakinası\HesapMakinası.csproj", "{AB2051FE-FA1B-4403-9AFB-D33E3BF2682E}"
EndProject
Global
	GlobalSection(SolutionConfigurationPlatforms) = preSolution
		Debug|Any CPU = Debug|Any CPU
		Release|Any CPU = Release|Any CPU
	EndGlobalSection
	GlobalSection(ProjectConfigurationPlatforms) = postSolution
		{AB2051FE-FA1B-4403-9AFB-D33E3BF2682E}.Debug|Any CPU.ActiveCfg = Debug|Any CPU
		{AB2051FE-FA1B-4403-9AFB-D33E3BF2682E}.Debug|Any CPU.Build.0 = Debug|Any CPU
		{AB2051FE-FA1B-4403-9AFB-D33E3BF2682E}.Release|Any CPU.ActiveCfg = Release|Any CPU
		{AB2051FE-FA1B-4403-9AFB-D33E3BF2682E}.Release|Any CPU.Build.0 = Release|Any CPU
	EndGlobalSection
	GlobalSection(SolutionProperties) = preSolution
		HideSolutionNode = FALSE
	EndGlobalSection
	GlobalSection(ExtensibilityGlobals) = postSolution
		SolutionGuid = {BF99DEE1-F83A-44A6-9BAF-E44F9A42785C}
	EndGlobalSection
EndGlobal
